
Microsoft Visual Studio Solution File, Format Version 12.00
# Visual Studio Version 17
VisualStudioVersion = 17.6.33815.320
MinimumVisualStudioVersion = 10.0.40219.1
Project("{FAE04EC0-301F-11D3-BF4B-00C04F79EFBC}") = "callculator", "callculator\callculator.csproj", "{B0E89170-0BE2-4DC4-8DAC-583251AFDD2F}"
EndProject
Global
	GlobalSection(SolutionConfigurationPlatforms) = preSolution
		Debug|Any CPU = Debug|Any CPU
		Release|Any CPU = Release|Any CPU
	EndGlobalSection
	GlobalSection(ProjectConfigurationPlatforms) = postSolution
		{B0E89170-0BE2-4DC4-8DAC-583251AFDD2F}.Debug|Any CPU.ActiveCfg = Debug|Any CPU
		{B0E89170-0BE2-4DC4-8DAC-583251AFDD2F}.Debug|Any CPU.Build.0 = Debug|Any CPU
		{B0E89170-0BE2-4DC4-8DAC-583251AFDD2F}.Release|Any CPU.ActiveCfg = Release|Any CPU
		{B0E89170-0BE2-4DC4-8DAC-583251AFDD2F}.Release|Any CPU.Build.0 = Release|Any CPU
	EndGlobalSection
	GlobalSection(SolutionProperties) = preSolution
		HideSolutionNode = FALSE
	EndGlobalSection
	GlobalSection(ExtensibilityGlobals) = postSolution
		SolutionGuid = {31C27A9A-9E0B-438B-B662-C35003AE397E}
	EndGlobalSection
EndGlobal
